
Microsoft Visual Studio Solution File, Format Version 12.00
# Visual Studio Version 17
VisualStudioVersion = 17.4.33122.133
MinimumVisualStudioVersion = 10.0.40219.1
Project("{FAE04EC0-301F-11D3-BF4B-00C04F79EFBC}") = "day1_task", "day1_task\day1_task.csproj", "{01AE6EB0-1CE3-4A36-BCE7-8B90E5143F54}"
EndProject
Global
	GlobalSection(SolutionConfigurationPlatforms) = preSolution
		Debug|Any CPU = Debug|Any CPU
		Release|Any CPU = Release|Any CPU
	EndGlobalSection
	GlobalSection(ProjectConfigurationPlatforms) = postSolution
		{01AE6EB0-1CE3-4A36-BCE7-8B90E5143F54}.Debug|Any CPU.ActiveCfg = Debug|Any CPU
		{01AE6EB0-1CE3-4A36-BCE7-8B90E5143F54}.Debug|Any CPU.Build.0 = Debug|Any CPU
		{01AE6EB0-1CE3-4A36-BCE7-8B90E5143F54}.Release|Any CPU.ActiveCfg = Release|Any CPU
		{01AE6EB0-1CE3-4A36-BCE7-8B90E5143F54}.Release|Any CPU.Build.0 = Release|Any CPU
	EndGlobalSection
	GlobalSection(SolutionProperties) = preSolution
		HideSolutionNode = FALSE
	EndGlobalSection
	GlobalSection(ExtensibilityGlobals) = postSolution
		SolutionGuid = {A33AB3AD-F5C2-4A9C-A525-2403783BE382}
	EndGlobalSection
EndGlobal
